{
    "_meta": {
        "hash": {
            "sha256": "a2dd17534c4bb16debb49883334e65f0f6fdccf4a4a7aeb6391cd3d93f3b2b08"
        },
        "pipfile-spec": 6,
        "requires": {
            "python_version": "3.6"
        },
        "sources": [
            {
                "name": "pypi",
                "url": "https://pypi.org/simple",
                "verify_ssl": true
            }
        ]
    },
    "default": {
        "asyncio-nats-client": {
            "hashes": [
                "sha256:12ac47284b20bd0359ee9579972892c8d8a08d23c2bbcf6f637b6f2feff3aa4d"
            ],
            "index": "pypi",
            "version": "==0.8.2"
        }
    },
    "develop": {}
}
